
Microsoft Visual Studio Solution File, Format Version 12.00
# Visual Studio 15
VisualStudioVersion = 15.0.28010.2036
MinimumVisualStudioVersion = 10.0.40219.1
Project("{FAE04EC0-301F-11D3-BF4B-00C04F79EFBC}") = "KnightsFight", "KnightsFight\KnightsFight.csproj", "{9CE04AC2-8C48-4506-A759-B5846A53EC2E}"
EndProject
Global
	GlobalSection(SolutionConfigurationPlatforms) = preSolution
		Debug|Any CPU = Debug|Any CPU
		Release|Any CPU = Release|Any CPU
	EndGlobalSection
	GlobalSection(ProjectConfigurationPlatforms) = postSolution
		{9CE04AC2-8C48-4506-A759-B5846A53EC2E}.Debug|Any CPU.ActiveCfg = Debug|Any CPU
		{9CE04AC2-8C48-4506-A759-B5846A53EC2E}.Debug|Any CPU.Build.0 = Debug|Any CPU
		{9CE04AC2-8C48-4506-A759-B5846A53EC2E}.Release|Any CPU.ActiveCfg = Release|Any CPU
		{9CE04AC2-8C48-4506-A759-B5846A53EC2E}.Release|Any CPU.Build.0 = Release|Any CPU
	EndGlobalSection
	GlobalSection(SolutionProperties) = preSolution
		HideSolutionNode = FALSE
	EndGlobalSection
	GlobalSection(ExtensibilityGlobals) = postSolution
		SolutionGuid = {C3EC6B33-2E5A-40AC-8BA9-A763A5071ABC}
	EndGlobalSection
EndGlobal
